PODS:
  - pop (1.0.10)
  - Reveal-iOS-SDK (1.6.2)

DEPENDENCIES:
  - pop (~> 1.0)
  - Reveal-iOS-SDK

SPEC CHECKSUMS:
  pop: 82ca6b068ce9278fd350fd9dd09482a0ce9492e6
  Reveal-iOS-SDK: e2250b3c155bcfac53ae223ddc1f76d08f206c33

PODFILE CHECKSUM: 95028cfd794a9a3f15511644d5f296b5913d3b67

COCOAPODS: 1.2.1
