// !$*UTF8*$!
{
	archiveVersion = 1;
	classes = {
	};
	objectVersion = 46;
	objects = {

/* Begin PBXBuildFile section */
		3701CAC8CE9EC4D088536D5B /* Pods_Closer.framework in Frameworks */ = {isa = PBXBuildFile; fileRef = 2DB94E952B286A7C16E12285 /* Pods_Closer.framework */; };
		D55B58101EF592E6006C2F30 /* TabBarController.swift in Sources */ = {isa = PBXBuildFile; fileRef = D55B580F1EF592E6006C2F30 /* TabBarController.swift */; };
		D55B582D1EF59432006C2F30 /* Alamofire.framework in Frameworks */ = {isa = PBXBuildFile; fileRef = D55B58111EF5940F006C2F30 /* Alamofire.framework */; };
		D55B582E1EF59432006C2F30 /* DynamicColor.framework in Frameworks */ = {isa = PBXBuildFile; fileRef = D55B58121EF5940F006C2F30 /* DynamicColor.framework */; };
		D55B582F1EF59432006C2F30 /* Kingfisher.framework in Frameworks */ = {isa = PBXBuildFile; fileRef = D55B58131EF5940F006C2F30 /* Kingfisher.framework */; };
		D55B58301EF59432006C2F30 /* Result.framework in Frameworks */ = {isa = PBXBuildFile; fileRef = D55B58141EF5940F006C2F30 /* Result.framework */; };
		D55B58311EF59432006C2F30 /* RxBlocking.framework in Frameworks */ = {isa = PBXBuildFile; fileRef = D55B58151EF5940F006C2F30 /* RxBlocking.framework */; };
		D55B58321EF59432006C2F30 /* RxCocoa.framework in Frameworks */ = {isa = PBXBuildFile; fileRef = D55B58161EF5940F006C2F30 /* RxCocoa.framework */; };
		D55B58331EF59432006C2F30 /* RxSwift.framework in Frameworks */ = {isa = PBXBuildFile; fileRef = D55B58171EF5940F006C2F30 /* RxSwift.framework */; };
		D55B58341EF59432006C2F30 /* SnapKit.framework in Frameworks */ = {isa = PBXBuildFile; fileRef = D55B58181EF5940F006C2F30 /* SnapKit.framework */; };
		D55B58351EF59432006C2F30 /* SwiftyJSON.framework in Frameworks */ = {isa = PBXBuildFile; fileRef = D55B58191EF5940F006C2F30 /* SwiftyJSON.framework */; };
		D55B583A1EF59701006C2F30 /* SwiftDate.framework in Frameworks */ = {isa = PBXBuildFile; fileRef = D55B58371EF59701006C2F30 /* SwiftDate.framework */; };
		D55B583B1EF59701006C2F30 /* SwiftyBeaver.framework in Frameworks */ = {isa = PBXBuildFile; fileRef = D55B58381EF59701006C2F30 /* SwiftyBeaver.framework */; };
		D55B583C1EF59701006C2F30 /* Watchdog.framework in Frameworks */ = {isa = PBXBuildFile; fileRef = D55B58391EF59701006C2F30 /* Watchdog.framework */; };
		D55B583E1EF59749006C2F30 /* Color.swift in Sources */ = {isa = PBXBuildFile; fileRef = D55B583D1EF59749006C2F30 /* Color.swift */; };
		D55B58421EF59B29006C2F30 /* String+Width.swift in Sources */ = {isa = PBXBuildFile; fileRef = D55B58411EF59B29006C2F30 /* String+Width.swift */; };
		D55B58441EF59B76006C2F30 /* String+Substraction.swift in Sources */ = {isa = PBXBuildFile; fileRef = D55B58431EF59B76006C2F30 /* String+Substraction.swift */; };
		D55B58461EF59C3C006C2F30 /* UIImage+Navi.swift in Sources */ = {isa = PBXBuildFile; fileRef = D55B58451EF59C3C006C2F30 /* UIImage+Navi.swift */; };
		D55B58481EF59C6B006C2F30 /* UIImage+Color.swift in Sources */ = {isa = PBXBuildFile; fileRef = D55B58471EF59C6B006C2F30 /* UIImage+Color.swift */; };
		D55B584A1EF59C90006C2F30 /* UIButton+Image.swift in Sources */ = {isa = PBXBuildFile; fileRef = D55B58491EF59C90006C2F30 /* UIButton+Image.swift */; };
		D55B584C1EF59CF7006C2F30 /* CALayer+Center.swift in Sources */ = {isa = PBXBuildFile; fileRef = D55B584B1EF59CF7006C2F30 /* CALayer+Center.swift */; };
		D55B584E1EF59D16006C2F30 /* UIView+Geometry.swift in Sources */ = {isa = PBXBuildFile; fileRef = D55B584D1EF59D16006C2F30 /* UIView+Geometry.swift */; };
		D55B58501EF59D3C006C2F30 /* CGFloat+Math.swift in Sources */ = {isa = PBXBuildFile; fileRef = D55B584F1EF59D3C006C2F30 /* CGFloat+Math.swift */; };
		D55B58521EF59D9F006C2F30 /* UILable+Factory.swift in Sources */ = {isa = PBXBuildFile; fileRef = D55B58511EF59D9F006C2F30 /* UILable+Factory.swift */; };
		D55B58541EF59E31006C2F30 /* Date+Convenience.swift in Sources */ = {isa = PBXBuildFile; fileRef = D55B58531EF59E31006C2F30 /* Date+Convenience.swift */; };
		D55B585C1EF6A206006C2F30 /* Localizable.strings in Resources */ = {isa = PBXBuildFile; fileRef = D55B585E1EF6A206006C2F30 /* Localizable.strings */; };
		D56E86B01EFD4A1B00532ACA /* InspirationViewController.swift in Sources */ = {isa = PBXBuildFile; fileRef = D56E86AF1EFD4A1B00532ACA /* InspirationViewController.swift */; };
		D56E86B31EFD4A4100532ACA /* MessageViewController.swift in Sources */ = {isa = PBXBuildFile; fileRef = D56E86B21EFD4A4100532ACA /* MessageViewController.swift */; };
		D56E86B61EFD4A5900532ACA /* LooksViewController.swift in Sources */ = {isa = PBXBuildFile; fileRef = D56E86B51EFD4A5900532ACA /* LooksViewController.swift */; };
		D56E86B91EFD4BD200532ACA /* Images.swift in Sources */ = {isa = PBXBuildFile; fileRef = D56E86B71EFD4BD200532ACA /* Images.swift */; };
		D56E86BA1EFD4BD200532ACA /* Localizations.swift in Sources */ = {isa = PBXBuildFile; fileRef = D56E86B81EFD4BD200532ACA /* Localizations.swift */; };
		D56E86BC1EFD4F9900532ACA /* ApplicationController.swift in Sources */ = {isa = PBXBuildFile; fileRef = D56E86BB1EFD4F9900532ACA /* ApplicationController.swift */; };
		D56E86BE1EFD5E1900532ACA /* SegmentedControlView.swift in Sources */ = {isa = PBXBuildFile; fileRef = D56E86BD1EFD5E1900532ACA /* SegmentedControlView.swift */; };
		D56E86C01EFD5E5900532ACA /* View.swift in Sources */ = {isa = PBXBuildFile; fileRef = D56E86BF1EFD5E5900532ACA /* View.swift */; };
		D56E86C31EFD5F7800532ACA /* ClosetViewController.swift in Sources */ = {isa = PBXBuildFile; fileRef = D56E86C21EFD5F7800532ACA /* ClosetViewController.swift */; };
		D56E86C51EFE334B00532ACA /* HKLayout.swift in Sources */ = {isa = PBXBuildFile; fileRef = D56E86C41EFE334B00532ACA /* HKLayout.swift */; };
		D56E86C71EFE448500532ACA /* ImageLabelView.swift in Sources */ = {isa = PBXBuildFile; fileRef = D56E86C61EFE448500532ACA /* ImageLabelView.swift */; };
		D56E86C91EFE4A0200532ACA /* RecommandCollectViewCell.swift in Sources */ = {isa = PBXBuildFile; fileRef = D56E86C81EFE4A0200532ACA /* RecommandCollectViewCell.swift */; };
		D56E86CB1EFEB91200532ACA /* RecommandTableViewCell.swift in Sources */ = {isa = PBXBuildFile; fileRef = D56E86CA1EFEB91200532ACA /* RecommandTableViewCell.swift */; };
		D56E86CD1EFEBA7D00532ACA /* Button.swift in Sources */ = {isa = PBXBuildFile; fileRef = D56E86CC1EFEBA7D00532ACA /* Button.swift */; };
		D57D8F5B1EFFEE6C001152DF /* AppSetup.swift in Sources */ = {isa = PBXBuildFile; fileRef = D57D8F5A1EFFEE6C001152DF /* AppSetup.swift */; };
		D57D8F5D1EFFEFF7001152DF /* InspirationContentViewController.swift in Sources */ = {isa = PBXBuildFile; fileRef = D57D8F5C1EFFEFF7001152DF /* InspirationContentViewController.swift */; };
		D57D8F5F1EFFF0CB001152DF /* ImageLabelBarItemView.swift in Sources */ = {isa = PBXBuildFile; fileRef = D57D8F5E1EFFF0CB001152DF /* ImageLabelBarItemView.swift */; };
		D57D8F611EFFF26E001152DF /* InspirationTabBarView.swift in Sources */ = {isa = PBXBuildFile; fileRef = D57D8F601EFFF26E001152DF /* InspirationTabBarView.swift */; };
		D58D4E071EF1907500E64216 /* AppDelegate.swift in Sources */ = {isa = PBXBuildFile; fileRef = D58D4E061EF1907500E64216 /* AppDelegate.swift */; };
		D58D4E091EF1907500E64216 /* ViewController.swift in Sources */ = {isa = PBXBuildFile; fileRef = D58D4E081EF1907500E64216 /* ViewController.swift */; };
		D58D4E0C1EF1907500E64216 /* Main.storyboard in Resources */ = {isa = PBXBuildFile; fileRef = D58D4E0A1EF1907500E64216 /* Main.storyboard */; };
		D58D4E0E1EF1907500E64216 /* Images.xcassets in Resources */ = {isa = PBXBuildFile; fileRef = D58D4E0D1EF1907500E64216 /* Images.xcassets */; };
		D58D4E111EF1907500E64216 /* LaunchScreen.storyboard in Resources */ = {isa = PBXBuildFile; fileRef = D58D4E0F1EF1907500E64216 /* LaunchScreen.storyboard */; };
/* End PBXBuildFile section */

/* Begin PBXCopyFilesBuildPhase section */
		D55B58551EF69F3F006C2F30 /* CopyFiles */ = {
			isa = PBXCopyFilesBuildPhase;
			buildActionMask = 2147483647;
			dstPath = "";
			dstSubfolderSpec = 7;
			files = (
			);
			runOnlyForDeploymentPostprocessing = 0;
		};
/* End PBXCopyFilesBuildPhase section */

/* Begin PBXFileReference section */
		2DB94E952B286A7C16E12285 /* Pods_Closer.framework */ = {isa = PBXFileReference; explicitFileType = wrapper.framework; includeInIndex = 0; path = Pods_Closer.framework; sourceTree = BUILT_PRODUCTS_DIR; };
		46FD61DE36DCC53CF859A00E /* Pods-Closer.release.xcconfig */ = {isa = PBXFileReference; includeInIndex = 1; lastKnownFileType = text.xcconfig; name = "Pods-Closer.release.xcconfig"; path = "Pods/Target Support Files/Pods-Closer/Pods-Closer.release.xcconfig"; sourceTree = "<group>"; };
		AFFD86C3061B3411D2C4BE15 /* Pods-Closer.debug.xcconfig */ = {isa = PBXFileReference; includeInIndex = 1; lastKnownFileType = text.xcconfig; name = "Pods-Closer.debug.xcconfig"; path = "Pods/Target Support Files/Pods-Closer/Pods-Closer.debug.xcconfig"; sourceTree = "<group>"; };
		D55B580F1EF592E6006C2F30 /* TabBarController.swift */ = {isa = PBXFileReference; fileEncoding = 4; lastKnownFileType = sourcecode.swift; path = TabBarController.swift; sourceTree = "<group>"; };
		D55B58111EF5940F006C2F30 /* Alamofire.framework */ = {isa = PBXFileReference; lastKnownFileType = wrapper.framework; name = Alamofire.framework; path = Carthage/Build/iOS/Alamofire.framework; sourceTree = "<group>"; };
		D55B58121EF5940F006C2F30 /* DynamicColor.framework */ = {isa = PBXFileReference; lastKnownFileType = wrapper.framework; name = DynamicColor.framework; path = Carthage/Build/iOS/DynamicColor.framework; sourceTree = "<group>"; };
		D55B58131EF5940F006C2F30 /* Kingfisher.framework */ = {isa = PBXFileReference; lastKnownFileType = wrapper.framework; name = Kingfisher.framework; path = Carthage/Build/iOS/Kingfisher.framework; sourceTree = "<group>"; };
		D55B58141EF5940F006C2F30 /* Result.framework */ = {isa = PBXFileReference; lastKnownFileType = wrapper.framework; name = Result.framework; path = Carthage/Build/iOS/Result.framework; sourceTree = "<group>"; };
		D55B58151EF5940F006C2F30 /* RxBlocking.framework */ = {isa = PBXFileReference; lastKnownFileType = wrapper.framework; name = RxBlocking.framework; path = Carthage/Build/iOS/RxBlocking.framework; sourceTree = "<group>"; };
		D55B58161EF5940F006C2F30 /* RxCocoa.framework */ = {isa = PBXFileReference; lastKnownFileType = wrapper.framework; name = RxCocoa.framework; path = Carthage/Build/iOS/RxCocoa.framework; sourceTree = "<group>"; };
		D55B58171EF5940F006C2F30 /* RxSwift.framework */ = {isa = PBXFileReference; lastKnownFileType = wrapper.framework; name = RxSwift.framework; path = Carthage/Build/iOS/RxSwift.framework; sourceTree = "<group>"; };
		D55B58181EF5940F006C2F30 /* SnapKit.framework */ = {isa = PBXFileReference; lastKnownFileType = wrapper.framework; name = SnapKit.framework; path = Carthage/Build/iOS/SnapKit.framework; sourceTree = "<group>"; };
		D55B58191EF5940F006C2F30 /* SwiftyJSON.framework */ = {isa = PBXFileReference; lastKnownFileType = wrapper.framework; name = SwiftyJSON.framework; path = Carthage/Build/iOS/SwiftyJSON.framework; sourceTree = "<group>"; };
		D55B58371EF59701006C2F30 /* SwiftDate.framework */ = {isa = PBXFileReference; lastKnownFileType = wrapper.framework; name = SwiftDate.framework; path = Carthage/Build/iOS/SwiftDate.framework; sourceTree = "<group>"; };
		D55B58381EF59701006C2F30 /* SwiftyBeaver.framework */ = {isa = PBXFileReference; lastKnownFileType = wrapper.framework; name = SwiftyBeaver.framework; path = Carthage/Build/iOS/SwiftyBeaver.framework; sourceTree = "<group>"; };
		D55B58391EF59701006C2F30 /* Watchdog.framework */ = {isa = PBXFileReference; lastKnownFileType = wrapper.framework; name = Watchdog.framework; path = Carthage/Build/iOS/Watchdog.framework; sourceTree = "<group>"; };
		D55B583D1EF59749006C2F30 /* Color.swift */ = {isa = PBXFileReference; fileEncoding = 4; lastKnownFileType = sourcecode.swift; path = Color.swift; sourceTree = "<group>"; };
		D55B58411EF59B29006C2F30 /* String+Width.swift */ = {isa = PBXFileReference; fileEncoding = 4; lastKnownFileType = sourcecode.swift; path = "String+Width.swift"; sourceTree = "<group>"; };
		D55B58431EF59B76006C2F30 /* String+Substraction.swift */ = {isa = PBXFileReference; fileEncoding = 4; lastKnownFileType = sourcecode.swift; path = "String+Substraction.swift"; sourceTree = "<group>"; };
		D55B58451EF59C3C006C2F30 /* UIImage+Navi.swift */ = {isa = PBXFileReference; fileEncoding = 4; lastKnownFileType = sourcecode.swift; path = "UIImage+Navi.swift"; sourceTree = "<group>"; };
		D55B58471EF59C6B006C2F30 /* UIImage+Color.swift */ = {isa = PBXFileReference; fileEncoding = 4; lastKnownFileType = sourcecode.swift; path = "UIImage+Color.swift"; sourceTree = "<group>"; };
		D55B58491EF59C90006C2F30 /* UIButton+Image.swift */ = {isa = PBXFileReference; fileEncoding = 4; lastKnownFileType = sourcecode.swift; path = "UIButton+Image.swift"; sourceTree = "<group>"; };
		D55B584B1EF59CF7006C2F30 /* CALayer+Center.swift */ = {isa = PBXFileReference; fileEncoding = 4; lastKnownFileType = sourcecode.swift; path = "CALayer+Center.swift"; sourceTree = "<group>"; };
		D55B584D1EF59D16006C2F30 /* UIView+Geometry.swift */ = {isa = PBXFileReference; fileEncoding = 4; lastKnownFileType = sourcecode.swift; path = "UIView+Geometry.swift"; sourceTree = "<group>"; };
		D55B584F1EF59D3C006C2F30 /* CGFloat+Math.swift */ = {isa = PBXFileReference; fileEncoding = 4; lastKnownFileType = sourcecode.swift; path = "CGFloat+Math.swift"; sourceTree = "<group>"; };
		D55B58511EF59D9F006C2F30 /* UILable+Factory.swift */ = {isa = PBXFileReference; fileEncoding = 4; lastKnownFileType = sourcecode.swift; path = "UILable+Factory.swift"; sourceTree = "<group>"; };
		D55B58531EF59E31006C2F30 /* Date+Convenience.swift */ = {isa = PBXFileReference; fileEncoding = 4; lastKnownFileType = sourcecode.swift; path = "Date+Convenience.swift"; sourceTree = "<group>"; };
		D55B585D1EF6A206006C2F30 /* en */ = {isa = PBXFileReference; lastKnownFileType = text.plist.strings; name = en; path = en.lproj/Localizable.strings; sourceTree = "<group>"; };
		D55B585F1EF6A209006C2F30 /* Base */ = {isa = PBXFileReference; lastKnownFileType = text.plist.strings; name = Base; path = Base.lproj/Localizable.strings; sourceTree = "<group>"; };
		D56E86AF1EFD4A1B00532ACA /* InspirationViewController.swift */ = {isa = PBXFileReference; fileEncoding = 4; lastKnownFileType = sourcecode.swift; path = InspirationViewController.swift; sourceTree = "<group>"; };
		D56E86B21EFD4A4100532ACA /* MessageViewController.swift */ = {isa = PBXFileReference; fileEncoding = 4; lastKnownFileType = sourcecode.swift; path = MessageViewController.swift; sourceTree = "<group>"; };
		D56E86B51EFD4A5900532ACA /* LooksViewController.swift */ = {isa = PBXFileReference; fileEncoding = 4; lastKnownFileType = sourcecode.swift; path = LooksViewController.swift; sourceTree = "<group>"; };
		D56E86B71EFD4BD200532ACA /* Images.swift */ = {isa = PBXFileReference; fileEncoding = 4; lastKnownFileType = sourcecode.swift; path = Images.swift; sourceTree = "<group>"; };
		D56E86B81EFD4BD200532ACA /* Localizations.swift */ = {isa = PBXFileReference; fileEncoding = 4; lastKnownFileType = sourcecode.swift; path = Localizations.swift; sourceTree = "<group>"; };
		D56E86BB1EFD4F9900532ACA /* ApplicationController.swift */ = {isa = PBXFileReference; fileEncoding = 4; lastKnownFileType = sourcecode.swift; path = ApplicationController.swift; sourceTree = "<group>"; };
		D56E86BD1EFD5E1900532ACA /* SegmentedControlView.swift */ = {isa = PBXFileReference; fileEncoding = 4; lastKnownFileType = sourcecode.swift; path = SegmentedControlView.swift; sourceTree = "<group>"; };
		D56E86BF1EFD5E5900532ACA /* View.swift */ = {isa = PBXFileReference; fileEncoding = 4; lastKnownFileType = sourcecode.swift; path = View.swift; sourceTree = "<group>"; };
		D56E86C21EFD5F7800532ACA /* ClosetViewController.swift */ = {isa = PBXFileReference; fileEncoding = 4; lastKnownFileType = sourcecode.swift; path = ClosetViewController.swift; sourceTree = "<group>"; };
		D56E86C41EFE334B00532ACA /* HKLayout.swift */ = {isa = PBXFileReference; fileEncoding = 4; lastKnownFileType = sourcecode.swift; path = HKLayout.swift; sourceTree = "<group>"; };
		D56E86C61EFE448500532ACA /* ImageLabelView.swift */ = {isa = PBXFileReference; fileEncoding = 4; lastKnownFileType = sourcecode.swift; path = ImageLabelView.swift; sourceTree = "<group>"; };
		D56E86C81EFE4A0200532ACA /* RecommandCollectViewCell.swift */ = {isa = PBXFileReference; fileEncoding = 4; lastKnownFileType = sourcecode.swift; path = RecommandCollectViewCell.swift; sourceTree = "<group>"; };
		D56E86CA1EFEB91200532ACA /* RecommandTableViewCell.swift */ = {isa = PBXFileReference; fileEncoding = 4; lastKnownFileType = sourcecode.swift; path = RecommandTableViewCell.swift; sourceTree = "<group>"; };
		D56E86CC1EFEBA7D00532ACA /* Button.swift */ = {isa = PBXFileReference; fileEncoding = 4; lastKnownFileType = sourcecode.swift; path = Button.swift; sourceTree = "<group>"; };
		D57D8F5A1EFFEE6C001152DF /* AppSetup.swift */ = {isa = PBXFileReference; fileEncoding = 4; lastKnownFileType = sourcecode.swift; path = AppSetup.swift; sourceTree = "<group>"; };
		D57D8F5C1EFFEFF7001152DF /* InspirationContentViewController.swift */ = {isa = PBXFileReference; fileEncoding = 4; lastKnownFileType = sourcecode.swift; path = InspirationContentViewController.swift; sourceTree = "<group>"; };
		D57D8F5E1EFFF0CB001152DF /* ImageLabelBarItemView.swift */ = {isa = PBXFileReference; fileEncoding = 4; lastKnownFileType = sourcecode.swift; path = ImageLabelBarItemView.swift; sourceTree = "<group>"; };
		D57D8F601EFFF26E001152DF /* InspirationTabBarView.swift */ = {isa = PBXFileReference; fileEncoding = 4; lastKnownFileType = sourcecode.swift; path = InspirationTabBarView.swift; sourceTree = "<group>"; };
		D58D4E031EF1907500E64216 /* Closer.app */ = {isa = PBXFileReference; explicitFileType = wrapper.application; includeInIndex = 0; path = Closer.app; sourceTree = BUILT_PRODUCTS_DIR; };
		D58D4E061EF1907500E64216 /* AppDelegate.swift */ = {isa = PBXFileReference; lastKnownFileType = sourcecode.swift; path = AppDelegate.swift; sourceTree = "<group>"; };
		D58D4E081EF1907500E64216 /* ViewController.swift */ = {isa = PBXFileReference; lastKnownFileType = sourcecode.swift; path = ViewController.swift; sourceTree = "<group>"; };
		D58D4E0B1EF1907500E64216 /* Base */ = {isa = PBXFileReference; lastKnownFileType = file.storyboard; name = Base; path = Base.lproj/Main.storyboard; sourceTree = "<group>"; };
		D58D4E0D1EF1907500E64216 /* Images.xcassets */ = {isa = PBXFileReference; lastKnownFileType = folder.assetcatalog; path = Images.xcassets; sourceTree = "<group>"; };
		D58D4E101EF1907500E64216 /* Base */ = {isa = PBXFileReference; lastKnownFileType = file.storyboard; name = Base; path = Base.lproj/LaunchScreen.storyboard; sourceTree = "<group>"; };
		D58D4E121EF1907500E64216 /* Info.plist */ = {isa = PBXFileReference; lastKnownFileType = text.plist.xml; path = Info.plist; sourceTree = "<group>"; };
/* End PBXFileReference section */

/* Begin PBXFrameworksBuildPhase section */
		D58D4E001EF1907500E64216 /* Frameworks */ = {
			isa = PBXFrameworksBuildPhase;
			buildActionMask = 2147483647;
			files = (
				D55B583A1EF59701006C2F30 /* SwiftDate.framework in Frameworks */,
				D55B583B1EF59701006C2F30 /* SwiftyBeaver.framework in Frameworks */,
				D55B583C1EF59701006C2F30 /* Watchdog.framework in Frameworks */,
				D55B582D1EF59432006C2F30 /* Alamofire.framework in Frameworks */,
				D55B582E1EF59432006C2F30 /* DynamicColor.framework in Frameworks */,
				D55B582F1EF59432006C2F30 /* Kingfisher.framework in Frameworks */,
				D55B58301EF59432006C2F30 /* Result.framework in Frameworks */,
				D55B58311EF59432006C2F30 /* RxBlocking.framework in Frameworks */,
				D55B58321EF59432006C2F30 /* RxCocoa.framework in Frameworks */,
				D55B58331EF59432006C2F30 /* RxSwift.framework in Frameworks */,
				D55B58341EF59432006C2F30 /* SnapKit.framework in Frameworks */,
				D55B58351EF59432006C2F30 /* SwiftyJSON.framework in Frameworks */,
				3701CAC8CE9EC4D088536D5B /* Pods_Closer.framework in Frameworks */,
			);
			runOnlyForDeploymentPostprocessing = 0;
		};
/* End PBXFrameworksBuildPhase section */

/* Begin PBXGroup section */
		38BB6904B1A6AF3EB0E45952 /* Pods */ = {
			isa = PBXGroup;
			children = (
				AFFD86C3061B3411D2C4BE15 /* Pods-Closer.debug.xcconfig */,
				46FD61DE36DCC53CF859A00E /* Pods-Closer.release.xcconfig */,
			);
			name = Pods;
			sourceTree = "<group>";
		};
		927F618557BA821E58389DB7 /* Frameworks */ = {
			isa = PBXGroup;
			children = (
				D55B58371EF59701006C2F30 /* SwiftDate.framework */,
				D55B58381EF59701006C2F30 /* SwiftyBeaver.framework */,
				D55B58391EF59701006C2F30 /* Watchdog.framework */,
				D55B58111EF5940F006C2F30 /* Alamofire.framework */,
				D55B58121EF5940F006C2F30 /* DynamicColor.framework */,
				D55B58131EF5940F006C2F30 /* Kingfisher.framework */,
				D55B58141EF5940F006C2F30 /* Result.framework */,
				D55B58151EF5940F006C2F30 /* RxBlocking.framework */,
				D55B58161EF5940F006C2F30 /* RxCocoa.framework */,
				D55B58171EF5940F006C2F30 /* RxSwift.framework */,
				D55B58181EF5940F006C2F30 /* SnapKit.framework */,
				D55B58191EF5940F006C2F30 /* SwiftyJSON.framework */,
				2DB94E952B286A7C16E12285 /* Pods_Closer.framework */,
			);
			name = Frameworks;
			sourceTree = "<group>";
		};
		D55B58401EF59B1D006C2F30 /* Extension */ = {
			isa = PBXGroup;
			children = (
				D55B58411EF59B29006C2F30 /* String+Width.swift */,
				D55B58431EF59B76006C2F30 /* String+Substraction.swift */,
				D55B58451EF59C3C006C2F30 /* UIImage+Navi.swift */,
				D55B58471EF59C6B006C2F30 /* UIImage+Color.swift */,
				D55B58491EF59C90006C2F30 /* UIButton+Image.swift */,
				D55B584B1EF59CF7006C2F30 /* CALayer+Center.swift */,
				D55B584D1EF59D16006C2F30 /* UIView+Geometry.swift */,
				D55B584F1EF59D3C006C2F30 /* CGFloat+Math.swift */,
				D55B58511EF59D9F006C2F30 /* UILable+Factory.swift */,
				D55B58531EF59E31006C2F30 /* Date+Convenience.swift */,
			);
			path = Extension;
			sourceTree = "<group>";
		};
		D55B58591EF6A19C006C2F30 /* Localization */ = {
			isa = PBXGroup;
			children = (
				D55B585E1EF6A206006C2F30 /* Localizable.strings */,
			);
			path = Localization;
			sourceTree = "<group>";
		};
		D56E86AE1EFD4A0500532ACA /* Inspiration */ = {
			isa = PBXGroup;
			children = (
				D56E86AF1EFD4A1B00532ACA /* InspirationViewController.swift */,
				D57D8F5C1EFFEFF7001152DF /* InspirationContentViewController.swift */,
			);
			name = Inspiration;
			sourceTree = "<group>";
		};
		D56E86B11EFD4A3300532ACA /* Message */ = {
			isa = PBXGroup;
			children = (
				D56E86B21EFD4A4100532ACA /* MessageViewController.swift */,
			);
			name = Message;
			sourceTree = "<group>";
		};
		D56E86B41EFD4A4C00532ACA /* Looks */ = {
			isa = PBXGroup;
			children = (
				D56E86B51EFD4A5900532ACA /* LooksViewController.swift */,
			);
			name = Looks;
			sourceTree = "<group>";
		};
		D56E86C11EFD5F6B00532ACA /* Closet */ = {
			isa = PBXGroup;
			children = (
				D56E86C21EFD5F7800532ACA /* ClosetViewController.swift */,
			);
			name = Closet;
			sourceTree = "<group>";
		};
		D58D4DFA1EF1907500E64216 = {
			isa = PBXGroup;
			children = (
				D58D4E051EF1907500E64216 /* Closer */,
				D58D4E041EF1907500E64216 /* Products */,
				38BB6904B1A6AF3EB0E45952 /* Pods */,
				927F618557BA821E58389DB7 /* Frameworks */,
			);
			sourceTree = "<group>";
		};
		D58D4E041EF1907500E64216 /* Products */ = {
			isa = PBXGroup;
			children = (
				D58D4E031EF1907500E64216 /* Closer.app */,
			);
			name = Products;
			sourceTree = "<group>";
		};
		D58D4E051EF1907500E64216 /* Closer */ = {
			isa = PBXGroup;
			children = (
				D55B58401EF59B1D006C2F30 /* Extension */,
				D5D79FE41EF1A02400E2E4DB /* Controller */,
				D5D79FE81EF1A02400E2E4DB /* Model */,
				D5D79FE61EF1A02400E2E4DB /* Resource */,
				D5D79FE31EF1A02400E2E4DB /* Util */,
				D5D79FE21EF1A02400E2E4DB /* View */,
				D5D79FE71EF1A02400E2E4DB /* ViewController */,
				D5D79FE51EF1A02400E2E4DB /* ViewModel */,
			);
			path = Closer;
			sourceTree = "<group>";
		};
		D5D79FE21EF1A02400E2E4DB /* View */ = {
			isa = PBXGroup;
			children = (
				D56E86BD1EFD5E1900532ACA /* SegmentedControlView.swift */,
				D56E86BF1EFD5E5900532ACA /* View.swift */,
				D56E86C41EFE334B00532ACA /* HKLayout.swift */,
				D56E86C61EFE448500532ACA /* ImageLabelView.swift */,
				D56E86C81EFE4A0200532ACA /* RecommandCollectViewCell.swift */,
				D56E86CA1EFEB91200532ACA /* RecommandTableViewCell.swift */,
				D56E86CC1EFEBA7D00532ACA /* Button.swift */,
				D57D8F5E1EFFF0CB001152DF /* ImageLabelBarItemView.swift */,
				D57D8F601EFFF26E001152DF /* InspirationTabBarView.swift */,
			);
			path = View;
			sourceTree = "<group>";
		};
		D5D79FE31EF1A02400E2E4DB /* Util */ = {
			isa = PBXGroup;
			children = (
				D55B583D1EF59749006C2F30 /* Color.swift */,
				D57D8F5A1EFFEE6C001152DF /* AppSetup.swift */,
			);
			path = Util;
			sourceTree = "<group>";
		};
		D5D79FE41EF1A02400E2E4DB /* Controller */ = {
			isa = PBXGroup;
			children = (
				D58D4E061EF1907500E64216 /* AppDelegate.swift */,
				D56E86BB1EFD4F9900532ACA /* ApplicationController.swift */,
			);
			path = Controller;
			sourceTree = "<group>";
		};
		D5D79FE51EF1A02400E2E4DB /* ViewModel */ = {
			isa = PBXGroup;
			children = (
			);
			path = ViewModel;
			sourceTree = "<group>";
		};
		D5D79FE61EF1A02400E2E4DB /* Resource */ = {
			isa = PBXGroup;
			children = (
				D56E86B71EFD4BD200532ACA /* Images.swift */,
				D56E86B81EFD4BD200532ACA /* Localizations.swift */,
				D55B58591EF6A19C006C2F30 /* Localization */,
				D58D4E0A1EF1907500E64216 /* Main.storyboard */,
				D58D4E0F1EF1907500E64216 /* LaunchScreen.storyboard */,
				D58D4E121EF1907500E64216 /* Info.plist */,
				D58D4E0D1EF1907500E64216 /* Images.xcassets */,
			);
			path = Resource;
			sourceTree = "<group>";
		};
		D5D79FE71EF1A02400E2E4DB /* ViewController */ = {
			isa = PBXGroup;
			children = (
				D56E86C11EFD5F6B00532ACA /* Closet */,
				D56E86B41EFD4A4C00532ACA /* Looks */,
				D56E86B11EFD4A3300532ACA /* Message */,
				D56E86AE1EFD4A0500532ACA /* Inspiration */,
				D58D4E081EF1907500E64216 /* ViewController.swift */,
				D55B580F1EF592E6006C2F30 /* TabBarController.swift */,
			);
			path = ViewController;
			sourceTree = "<group>";
		};
		D5D79FE81EF1A02400E2E4DB /* Model */ = {
			isa = PBXGroup;
			children = (
			);
			path = Model;
			sourceTree = "<group>";
		};
/* End PBXGroup section */

/* Begin PBXNativeTarget section */
		D58D4E021EF1907500E64216 /* Closer */ = {
			isa = PBXNativeTarget;
			buildConfigurationList = D58D4E151EF1907500E64216 /* Build configuration list for PBXNativeTarget "Closer" */;
			buildPhases = (
				17368B3245F3C73AA88C438A /* [CP] Check Pods Manifest.lock */,
				D55B58361EF59485006C2F30 /* Carthage */,
				D55B58581EF6A07D006C2F30 /* SwfitGen */,
				D58D4DFF1EF1907500E64216 /* Sources */,
				D58D4E001EF1907500E64216 /* Frameworks */,
				D58D4E011EF1907500E64216 /* Resources */,
				4858B29491CA69D89B22DA60 /* [CP] Embed Pods Frameworks */,
				96D39240BCAA0F48EFCD2360 /* [CP] Copy Pods Resources */,
				D55B58551EF69F3F006C2F30 /* CopyFiles */,
				D55B58561EF69F4A006C2F30 /* Auto-increment the archive version number */,
				D55B58571EF69F53006C2F30 /* Auto-increment build number */,
			);
			buildRules = (
			);
			dependencies = (
			);
			name = Closer;
			productName = Closer;
			productReference = D58D4E031EF1907500E64216 /* Closer.app */;
			productType = "com.apple.product-type.application";
		};
/* End PBXNativeTarget section */

/* Begin PBXProject section */
		D58D4DFB1EF1907500E64216 /* Project object */ = {
			isa = PBXProject;
			attributes = {
				LastSwiftUpdateCheck = 0830;
				LastUpgradeCheck = 0830;
				ORGANIZATIONNAME = "pansy's idea";
				TargetAttributes = {
					D58D4E021EF1907500E64216 = {
						CreatedOnToolsVersion = 8.3.2;
						DevelopmentTeam = J7XJK67HUB;
						ProvisioningStyle = Automatic;
					};
				};
			};
			buildConfigurationList = D58D4DFE1EF1907500E64216 /* Build configuration list for PBXProject "Closer" */;
			compatibilityVersion = "Xcode 3.2";
			developmentRegion = English;
			hasScannedForEncodings = 0;
			knownRegions = (
				en,
				Base,
			);
			mainGroup = D58D4DFA1EF1907500E64216;
			productRefGroup = D58D4E041EF1907500E64216 /* Products */;
			projectDirPath = "";
			projectRoot = "";
			targets = (
				D58D4E021EF1907500E64216 /* Closer */,
			);
		};
/* End PBXProject section */

/* Begin PBXResourcesBuildPhase section */
		D58D4E011EF1907500E64216 /* Resources */ = {
			isa = PBXResourcesBuildPhase;
			buildActionMask = 2147483647;
			files = (
				D58D4E111EF1907500E64216 /* LaunchScreen.storyboard in Resources */,
				D55B585C1EF6A206006C2F30 /* Localizable.strings in Resources */,
				D58D4E0E1EF1907500E64216 /* Images.xcassets in Resources */,
				D58D4E0C1EF1907500E64216 /* Main.storyboard in Resources */,
			);
			runOnlyForDeploymentPostprocessing = 0;
		};
/* End PBXResourcesBuildPhase section */

/* Begin PBXShellScriptBuildPhase section */
		17368B3245F3C73AA88C438A /* [CP] Check Pods Manifest.lock */ = {
			isa = PBXShellScriptBuildPhase;
			buildActionMask = 2147483647;
			files = (
			);
			inputPaths = (
			);
			name = "[CP] Check Pods Manifest.lock";
			outputPaths = (
			);
			runOnlyForDeploymentPostprocessing = 0;
			shellPath = /bin/sh;
			shellScript = "diff \"${PODS_PODFILE_DIR_PATH}/Podfile.lock\" \"${PODS_ROOT}/Manifest.lock\" > /dev/null\nif [ $? != 0 ] ; then\n    # print error to STDERR\n    echo \"error: The sandbox is not in sync with the Podfile.lock. Run 'pod install' or update your CocoaPods installation.\" >&2\n    exit 1\nfi\n";
			showEnvVarsInLog = 0;
		};
		4858B29491CA69D89B22DA60 /* [CP] Embed Pods Frameworks */ = {
			isa = PBXShellScriptBuildPhase;
			buildActionMask = 2147483647;
			files = (
			);
			inputPaths = (
			);
			name = "[CP] Embed Pods Frameworks";
			outputPaths = (
			);
			runOnlyForDeploymentPostprocessing = 0;
			shellPath = /bin/sh;
			shellScript = "\"${SRCROOT}/Pods/Target Support Files/Pods-Closer/Pods-Closer-frameworks.sh\"\n";
			showEnvVarsInLog = 0;
		};
		96D39240BCAA0F48EFCD2360 /* [CP] Copy Pods Resources */ = {
			isa = PBXShellScriptBuildPhase;
			buildActionMask = 2147483647;
			files = (
			);
			inputPaths = (
			);
			name = "[CP] Copy Pods Resources";
			outputPaths = (
			);
			runOnlyForDeploymentPostprocessing = 0;
			shellPath = /bin/sh;
			shellScript = "\"${SRCROOT}/Pods/Target Support Files/Pods-Closer/Pods-Closer-resources.sh\"\n";
			showEnvVarsInLog = 0;
		};
		D55B58361EF59485006C2F30 /* Carthage */ = {
			isa = PBXShellScriptBuildPhase;
			buildActionMask = 2147483647;
			files = (
			);
			inputPaths = (
				"$(SRCROOT)/Carthage/Build/iOS/Alamofire.framework",
				"$(SRCROOT)/Carthage/Build/iOS/Result.framework",
				"$(SRCROOT)/Carthage/Build/iOS/RxBlocking.framework",
				"$(SRCROOT)/Carthage/Build/iOS/RxCocoa.framework",
				"$(SRCROOT)/Carthage/Build/iOS/RxSwift.framework",
				"$(SRCROOT)/Carthage/Build/iOS/SwiftyJSON.framework",
				"$(SRCROOT)/Carthage/Build/iOS/DynamicColor.framework",
				"$(SRCROOT)/Carthage/Build/iOS/Kingfisher.framework",
				"$(SRCROOT)/Carthage/Build/iOS/SnapKit.framework",
				"$(SRCROOT)/Carthage/Build/iOS/SwiftyBeaver.framework",
				"$(SRCROOT)/Carthage/Build/iOS/Watchdog.framework",
				"$(SRCROOT)/Carthage/Build/iOS/SwiftDate.framework",
			);
			name = Carthage;
			outputPaths = (
			);
			runOnlyForDeploymentPostprocessing = 0;
			shellPath = /bin/sh;
			shellScript = "/usr/local/bin/carthage copy-frameworks";
		};
		D55B58561EF69F4A006C2F30 /* Auto-increment the archive version number */ = {
			isa = PBXShellScriptBuildPhase;
			buildActionMask = 12;
			files = (
			);
			inputPaths = (
			);
			name = "Auto-increment the archive version number";
			outputPaths = (
			);
			runOnlyForDeploymentPostprocessing = 0;
			shellPath = /bin/sh;
			shellScript = "cd \"${SRCROOT}/Scripts\" && sh \"./increase-version-number.sh\"";
		};
		D55B58571EF69F53006C2F30 /* Auto-increment build number */ = {
			isa = PBXShellScriptBuildPhase;
			buildActionMask = 12;
			files = (
			);
			inputPaths = (
			);
			name = "Auto-increment build number";
			outputPaths = (
			);
			runOnlyForDeploymentPostprocessing = 0;
			shellPath = /bin/sh;
			shellScript = "cd \"${SRCROOT}/Scripts\" && sh \"./increase-build-number.sh\"";
		};
		D55B58581EF6A07D006C2F30 /* SwfitGen */ = {
			isa = PBXShellScriptBuildPhase;
			buildActionMask = 2147483647;
			files = (
			);
			inputPaths = (
			);
			name = SwfitGen;
			outputPaths = (
			);
			runOnlyForDeploymentPostprocessing = 0;
			shellPath = /bin/sh;
			shellScript = " \"$PROJECT_DIR/Pods/SwiftGen/bin/swiftgen\" strings \"$PROJECT_DIR/Closer/Resource/Localization/Base.lproj/Localizable.strings\" --output \"$PROJECT_DIR/Closer/Resource/Localizations.swift\" --templatePath \"$PROJECT_DIR/Closer/Resource/Templates/strings-default.stencil\"\n\n\"$PROJECT_DIR/Pods/SwiftGen/bin/swiftgen\" images \"$PROJECT_DIR/Closer/Resource/Images.xcassets\" --output \"$PROJECT_DIR/Closer/Resource/Images.swift\" --templatePath \"$PROJECT_DIR/Closer/Resource/Templates/images-default.stencil\"\n";
		};
/* End PBXShellScriptBuildPhase section */

/* Begin PBXSourcesBuildPhase section */
		D58D4DFF1EF1907500E64216 /* Sources */ = {
			isa = PBXSourcesBuildPhase;
			buildActionMask = 2147483647;
			files = (
				D55B584A1EF59C90006C2F30 /* UIButton+Image.swift in Sources */,
				D57D8F5B1EFFEE6C001152DF /* AppSetup.swift in Sources */,
				D55B58101EF592E6006C2F30 /* TabBarController.swift in Sources */,
				D56E86C51EFE334B00532ACA /* HKLayout.swift in Sources */,
				D57D8F5F1EFFF0CB001152DF /* ImageLabelBarItemView.swift in Sources */,
				D55B58521EF59D9F006C2F30 /* UILable+Factory.swift in Sources */,
				D55B58481EF59C6B006C2F30 /* UIImage+Color.swift in Sources */,
				D55B583E1EF59749006C2F30 /* Color.swift in Sources */,
				D56E86C71EFE448500532ACA /* ImageLabelView.swift in Sources */,
				D56E86CD1EFEBA7D00532ACA /* Button.swift in Sources */,
				D56E86B01EFD4A1B00532ACA /* InspirationViewController.swift in Sources */,
				D56E86CB1EFEB91200532ACA /* RecommandTableViewCell.swift in Sources */,
				D57D8F5D1EFFEFF7001152DF /* InspirationContentViewController.swift in Sources */,
				D57D8F611EFFF26E001152DF /* InspirationTabBarView.swift in Sources */,
				D55B58541EF59E31006C2F30 /* Date+Convenience.swift in Sources */,
				D56E86BE1EFD5E1900532ACA /* SegmentedControlView.swift in Sources */,
				D58D4E091EF1907500E64216 /* ViewController.swift in Sources */,
				D56E86BA1EFD4BD200532ACA /* Localizations.swift in Sources */,
				D58D4E071EF1907500E64216 /* AppDelegate.swift in Sources */,
				D56E86B61EFD4A5900532ACA /* LooksViewController.swift in Sources */,
				D55B58501EF59D3C006C2F30 /* CGFloat+Math.swift in Sources */,
				D56E86B31EFD4A4100532ACA /* MessageViewController.swift in Sources */,
				D55B584C1EF59CF7006C2F30 /* CALayer+Center.swift in Sources */,
				D56E86BC1EFD4F9900532ACA /* ApplicationController.swift in Sources */,
				D56E86B91EFD4BD200532ACA /* Images.swift in Sources */,
				D55B58421EF59B29006C2F30 /* String+Width.swift in Sources */,
				D55B584E1EF59D16006C2F30 /* UIView+Geometry.swift in Sources */,
				D55B58441EF59B76006C2F30 /* String+Substraction.swift in Sources */,
				D56E86C01EFD5E5900532ACA /* View.swift in Sources */,
				D55B58461EF59C3C006C2F30 /* UIImage+Navi.swift in Sources */,
				D56E86C91EFE4A0200532ACA /* RecommandCollectViewCell.swift in Sources */,
				D56E86C31EFD5F7800532ACA /* ClosetViewController.swift in Sources */,
			);
			runOnlyForDeploymentPostprocessing = 0;
		};
/* End PBXSourcesBuildPhase section */

/* Begin PBXVariantGroup section */
		D55B585E1EF6A206006C2F30 /* Localizable.strings */ = {
			isa = PBXVariantGroup;
			children = (
				D55B585D1EF6A206006C2F30 /* en */,
				D55B585F1EF6A209006C2F30 /* Base */,
			);
			name = Localizable.strings;
			sourceTree = "<group>";
		};
		D58D4E0A1EF1907500E64216 /* Main.storyboard */ = {
			isa = PBXVariantGroup;
			children = (
				D58D4E0B1EF1907500E64216 /* Base */,
			);
			name = Main.storyboard;
			sourceTree = "<group>";
		};
		D58D4E0F1EF1907500E64216 /* LaunchScreen.storyboard */ = {
			isa = PBXVariantGroup;
			children = (
				D58D4E101EF1907500E64216 /* Base */,
			);
			name = LaunchScreen.storyboard;
			sourceTree = "<group>";
		};
/* End PBXVariantGroup section */

/* Begin XCBuildConfiguration section */
		D58D4E131EF1907500E64216 /* Debug */ = {
			isa = XCBuildConfiguration;
			buildSettings = {
				ALWAYS_SEARCH_USER_PATHS = NO;
				CLANG_ANALYZER_NONNULL = YES;
				CLANG_ANALYZER_NUMBER_OBJECT_CONVERSION = YES_AGGRESSIVE;
				CLANG_CXX_LANGUAGE_STANDARD = "gnu++0x";
				CLANG_CXX_LIBRARY = "libc++";
				CLANG_ENABLE_MODULES = YES;
				CLANG_ENABLE_OBJC_ARC = YES;
				CLANG_WARN_BOOL_CONVERSION = YES;
				CLANG_WARN_CONSTANT_CONVERSION = YES;
				CLANG_WARN_DIRECT_OBJC_ISA_USAGE = YES_ERROR;
				CLANG_WARN_DOCUMENTATION_COMMENTS = YES;
				CLANG_WARN_EMPTY_BODY = YES;
				CLANG_WARN_ENUM_CONVERSION = YES;
				CLANG_WARN_INFINITE_RECURSION = YES;
				CLANG_WARN_INT_CONVERSION = YES;
				CLANG_WARN_OBJC_ROOT_CLASS = YES_ERROR;
				CLANG_WARN_SUSPICIOUS_MOVE = YES;
				CLANG_WARN_UNREACHABLE_CODE = YES;
				CLANG_WARN__DUPLICATE_METHOD_MATCH = YES;
				"CODE_SIGN_IDENTITY[sdk=iphoneos*]" = "iPhone Developer";
				COPY_PHASE_STRIP = NO;
				DEBUG_INFORMATION_FORMAT = dwarf;
				ENABLE_STRICT_OBJC_MSGSEND = YES;
				ENABLE_TESTABILITY = YES;
				GCC_C_LANGUAGE_STANDARD = gnu99;
				GCC_DYNAMIC_NO_PIC = NO;
				GCC_NO_COMMON_BLOCKS = YES;
				GCC_OPTIMIZATION_LEVEL = 0;
				GCC_PREPROCESSOR_DEFINITIONS = (
					"DEBUG=1",
					"$(inherited)",
				);
				GCC_WARN_64_TO_32_BIT_CONVERSION = YES;
				GCC_WARN_ABOUT_RETURN_TYPE = YES_ERROR;
				GCC_WARN_UNDECLARED_SELECTOR = YES;
				GCC_WARN_UNINITIALIZED_AUTOS = YES_AGGRESSIVE;
				GCC_WARN_UNUSED_FUNCTION = YES;
				GCC_WARN_UNUSED_VARIABLE = YES;
				IPHONEOS_DEPLOYMENT_TARGET = 10.3;
				MTL_ENABLE_DEBUG_INFO = YES;
				ONLY_ACTIVE_ARCH = YES;
				SDKROOT = iphoneos;
				SWIFT_ACTIVE_COMPILATION_CONDITIONS = DEBUG;
				SWIFT_OPTIMIZATION_LEVEL = "-Onone";
				TARGETED_DEVICE_FAMILY = "1,2";
			};
			name = Debug;
		};
		D58D4E141EF1907500E64216 /* Release */ = {
			isa = XCBuildConfiguration;
			buildSettings = {
				ALWAYS_SEARCH_USER_PATHS = NO;
				CLANG_ANALYZER_NONNULL = YES;
				CLANG_ANALYZER_NUMBER_OBJECT_CONVERSION = YES_AGGRESSIVE;
				CLANG_CXX_LANGUAGE_STANDARD = "gnu++0x";
				CLANG_CXX_LIBRARY = "libc++";
				CLANG_ENABLE_MODULES = YES;
				CLANG_ENABLE_OBJC_ARC = YES;
				CLANG_WARN_BOOL_CONVERSION = YES;
				CLANG_WARN_CONSTANT_CONVERSION = YES;
				CLANG_WARN_DIRECT_OBJC_ISA_USAGE = YES_ERROR;
				CLANG_WARN_DOCUMENTATION_COMMENTS = YES;
				CLANG_WARN_EMPTY_BODY = YES;
				CLANG_WARN_ENUM_CONVERSION = YES;
				CLANG_WARN_INFINITE_RECURSION = YES;
				CLANG_WARN_INT_CONVERSION = YES;
				CLANG_WARN_OBJC_ROOT_CLASS = YES_ERROR;
				CLANG_WARN_SUSPICIOUS_MOVE = YES;
				CLANG_WARN_UNREACHABLE_CODE = YES;
				CLANG_WARN__DUPLICATE_METHOD_MATCH = YES;
				"CODE_SIGN_IDENTITY[sdk=iphoneos*]" = "iPhone Developer";
				COPY_PHASE_STRIP = NO;
				DEBUG_INFORMATION_FORMAT = "dwarf-with-dsym";
				ENABLE_NS_ASSERTIONS = NO;
				ENABLE_STRICT_OBJC_MSGSEND = YES;
				GCC_C_LANGUAGE_STANDARD = gnu99;
				GCC_NO_COMMON_BLOCKS = YES;
				GCC_WARN_64_TO_32_BIT_CONVERSION = YES;
				GCC_WARN_ABOUT_RETURN_TYPE = YES_ERROR;
				GCC_WARN_UNDECLARED_SELECTOR = YES;
				GCC_WARN_UNINITIALIZED_AUTOS = YES_AGGRESSIVE;
				GCC_WARN_UNUSED_FUNCTION = YES;
				GCC_WARN_UNUSED_VARIABLE = YES;
				IPHONEOS_DEPLOYMENT_TARGET = 10.3;
				MTL_ENABLE_DEBUG_INFO = NO;
				SDKROOT = iphoneos;
				SWIFT_OPTIMIZATION_LEVEL = "-Owholemodule";
				TARGETED_DEVICE_FAMILY = "1,2";
				VALIDATE_PRODUCT = YES;
			};
			name = Release;
		};
		D58D4E161EF1907500E64216 /* Debug */ = {
			isa = XCBuildConfiguration;
			baseConfigurationReference = AFFD86C3061B3411D2C4BE15 /* Pods-Closer.debug.xcconfig */;
			buildSettings = {
				ASSETCATALOG_COMPILER_APPICON_NAME = AppIcon;
				DEVELOPMENT_TEAM = J7XJK67HUB;
				FRAMEWORK_SEARCH_PATHS = (
					"$(inherited)",
					"$(PROJECT_DIR)/Carthage/Build/iOS",
				);
				INFOPLIST_FILE = "$(SRCROOT)/Closer/Resource/Info.plist";
				LD_RUNPATH_SEARCH_PATHS = "$(inherited) @executable_path/Frameworks";
				PRODUCT_BUNDLE_IDENTIFIER = bong.cn.Closer;
				PRODUCT_NAME = "$(TARGET_NAME)";
				SWIFT_VERSION = 3.0;
			};
			name = Debug;
		};
		D58D4E171EF1907500E64216 /* Release */ = {
			isa = XCBuildConfiguration;
			baseConfigurationReference = 46FD61DE36DCC53CF859A00E /* Pods-Closer.release.xcconfig */;
			buildSettings = {
				ASSETCATALOG_COMPILER_APPICON_NAME = AppIcon;
				DEVELOPMENT_TEAM = J7XJK67HUB;
				FRAMEWORK_SEARCH_PATHS = (
					"$(inherited)",
					"$(PROJECT_DIR)/Carthage/Build/iOS",
				);
				INFOPLIST_FILE = "$(SRCROOT)/Closer/Resource/Info.plist";
				LD_RUNPATH_SEARCH_PATHS = "$(inherited) @executable_path/Frameworks";
				PRODUCT_BUNDLE_IDENTIFIER = bong.cn.Closer;
				PRODUCT_NAME = "$(TARGET_NAME)";
				SWIFT_VERSION = 3.0;
			};
			name = Release;
		};
/* End XCBuildConfiguration section */

/* Begin XCConfigurationList section */
		D58D4DFE1EF1907500E64216 /* Build configuration list for PBXProject "Closer" */ = {
			isa = XCConfigurationList;
			buildConfigurations = (
				D58D4E131EF1907500E64216 /* Debug */,
				D58D4E141EF1907500E64216 /* Release */,
			);
			defaultConfigurationIsVisible = 0;
			defaultConfigurationName = Release;
		};
		D58D4E151EF1907500E64216 /* Build configuration list for PBXNativeTarget "Closer" */ = {
			isa = XCConfigurationList;
			buildConfigurations = (
				D58D4E161EF1907500E64216 /* Debug */,
				D58D4E171EF1907500E64216 /* Release */,
			);
			defaultConfigurationIsVisible = 0;
			defaultConfigurationName = Release;
		};
/* End XCConfigurationList section */
	};
	rootObject = D58D4DFB1EF1907500E64216 /* Project object */;
}
